
Microsoft Visual Studio Solution File, Format Version 12.00
# Visual Studio 14
VisualStudioVersion = 14.0.25420.1
MinimumVisualStudioVersion = 10.0.40219.1
Project("{2150E333-8FDC-42A3-9474-1A3956D46DE8}") = "base", "base", "{6E6A8E96-15AF-493B-855E-07A1101C9FB3}"
EndProject
Project("{2150E333-8FDC-42A3-9474-1A3956D46DE8}") = "core", "core", "{21951F67-9F3D-4E2D-9ADA-59A71F1111A1}"
	ProjectSection(SolutionItems) = preProject
		ldtool = ldtool
		Makefile = Makefile
	EndProjectSection
EndProject
Project("{2150E333-8FDC-42A3-9474-1A3956D46DE8}") = "test", "test", "{BFE84BDE-401A-4F27-89B4-E6317DB73BEF}"
	ProjectSection(SolutionItems) = preProject
		README.md = README.md
	EndProjectSection
EndProject
Project("{8BC9CEB8-8B4A-11D0-8D11-00A0C91BC942}") = "notstd", "core\notstd\notstd.vcxproj", "{0063FFFB-B55A-405C-8B5A-8F0D1D7E31E4}"
	ProjectSection(ProjectDependencies) = postProject
		{755C7A04-BA07-4EF7-A8DE-AE768800031E} = {755C7A04-BA07-4EF7-A8DE-AE768800031E}
		{F27A21C0-1831-4F7A-8E26-C6294226A23E} = {F27A21C0-1831-4F7A-8E26-C6294226A23E}
		{1D6039F6-5078-416F-A3AF-A36EFC7E6A1C} = {1D6039F6-5078-416F-A3AF-A36EFC7E6A1C}
	EndProjectSection
EndProject
Project("{8BC9CEB8-8B4A-11D0-8D11-00A0C91BC942}") = "CScriptEng", "core\CScriptEng\CScriptEng.vcxproj", "{EC38016E-992E-42CF-9218-47773ADCE239}"
	ProjectSection(ProjectDependencies) = postProject
		{0063FFFB-B55A-405C-8B5A-8F0D1D7E31E4} = {0063FFFB-B55A-405C-8B5A-8F0D1D7E31E4}
	EndProjectSection
EndProject
Project("{8BC9CEB8-8B4A-11D0-8D11-00A0C91BC942}") = "testCScript", "test\testCScript\testCScript.vcxproj", "{89E55E27-D85D-44B3-AAA8-F8F7680D2CBA}"
	ProjectSection(ProjectDependencies) = postProject
		{EC38016E-992E-42CF-9218-47773ADCE239} = {EC38016E-992E-42CF-9218-47773ADCE239}
		{0063FFFB-B55A-405C-8B5A-8F0D1D7E31E4} = {0063FFFB-B55A-405C-8B5A-8F0D1D7E31E4}
	EndProjectSection
EndProject
Project("{8BC9CEB8-8B4A-11D0-8D11-00A0C91BC942}") = "testCScriptInDialog", "test\testCScriptInDialog\testCScriptInDialog.vcxproj", "{DBA40348-EFDE-4A29-8A66-B7516A6446DD}"
	ProjectSection(ProjectDependencies) = postProject
		{EC38016E-992E-42CF-9218-47773ADCE239} = {EC38016E-992E-42CF-9218-47773ADCE239}
		{0063FFFB-B55A-405C-8B5A-8F0D1D7E31E4} = {0063FFFB-B55A-405C-8B5A-8F0D1D7E31E4}
	EndProjectSection
EndProject
Project("{8BC9CEB8-8B4A-11D0-8D11-00A0C91BC942}") = "libzlib", "thirdparty\libzlib\libzlib.vcxproj", "{F27A21C0-1831-4F7A-8E26-C6294226A23E}"
EndProject
Project("{8BC9CEB8-8B4A-11D0-8D11-00A0C91BC942}") = "libxml2", "thirdparty\libxml2-2.9.2\win32\VC10\libxml2.vcxproj", "{1D6039F6-5078-416F-A3AF-A36EFC7E6A1C}"
EndProject
Project("{8BC9CEB8-8B4A-11D0-8D11-00A0C91BC942}") = "libiconv", "thirdparty\libiconv\libiconv.vcxproj", "{755C7A04-BA07-4EF7-A8DE-AE768800031E}"
EndProject
Project("{8BC9CEB8-8B4A-11D0-8D11-00A0C91BC942}") = "testIOServer", "test\testIOServer\testIOServer.vcxproj", "{737E1621-A1B4-4E94-A77A-B0D61FBB9ED4}"
	ProjectSection(ProjectDependencies) = postProject
		{0063FFFB-B55A-405C-8B5A-8F0D1D7E31E4} = {0063FFFB-B55A-405C-8B5A-8F0D1D7E31E4}
	EndProjectSection
EndProject
Project("{8BC9CEB8-8B4A-11D0-8D11-00A0C91BC942}") = "testSSLServer", "test\testSSLServer\testSSLServer.vcxproj", "{1D8D6638-823E-4298-A61F-26F43A9335D2}"
	ProjectSection(ProjectDependencies) = postProject
		{0063FFFB-B55A-405C-8B5A-8F0D1D7E31E4} = {0063FFFB-B55A-405C-8B5A-8F0D1D7E31E4}
	EndProjectSection
EndProject
Project("{8BC9CEB8-8B4A-11D0-8D11-00A0C91BC942}") = "testSSLClient", "test\testSSLClient\testSSLClient.vcxproj", "{3D1D78C1-2676-4D6F-90AA-C60708BC766A}"
	ProjectSection(ProjectDependencies) = postProject
		{0063FFFB-B55A-405C-8B5A-8F0D1D7E31E4} = {0063FFFB-B55A-405C-8B5A-8F0D1D7E31E4}
	EndProjectSection
EndProject
Global
	GlobalSection(SolutionConfigurationPlatforms) = preSolution
		Debug|Win32 = Debug|Win32
		Debug|x64 = Debug|x64
		Release|Win32 = Release|Win32
		Release|x64 = Release|x64
	EndGlobalSection
	GlobalSection(ProjectConfigurationPlatforms) = postSolution
		{0063FFFB-B55A-405C-8B5A-8F0D1D7E31E4}.Debug|Win32.ActiveCfg = Debug|Win32
		{0063FFFB-B55A-405C-8B5A-8F0D1D7E31E4}.Debug|Win32.Build.0 = Debug|Win32
		{0063FFFB-B55A-405C-8B5A-8F0D1D7E31E4}.Debug|x64.ActiveCfg = Debug|x64
		{0063FFFB-B55A-405C-8B5A-8F0D1D7E31E4}.Debug|x64.Build.0 = Debug|x64
		{0063FFFB-B55A-405C-8B5A-8F0D1D7E31E4}.Release|Win32.ActiveCfg = Release|Win32
		{0063FFFB-B55A-405C-8B5A-8F0D1D7E31E4}.Release|Win32.Build.0 = Release|Win32
		{0063FFFB-B55A-405C-8B5A-8F0D1D7E31E4}.Release|x64.ActiveCfg = Release|x64
		{0063FFFB-B55A-405C-8B5A-8F0D1D7E31E4}.Release|x64.Build.0 = Release|x64
		{EC38016E-992E-42CF-9218-47773ADCE239}.Debug|Win32.ActiveCfg = Debug|Win32
		{EC38016E-992E-42CF-9218-47773ADCE239}.Debug|Win32.Build.0 = Debug|Win32
		{EC38016E-992E-42CF-9218-47773ADCE239}.Debug|x64.ActiveCfg = Debug|x64
		{EC38016E-992E-42CF-9218-47773ADCE239}.Debug|x64.Build.0 = Debug|x64
		{EC38016E-992E-42CF-9218-47773ADCE239}.Release|Win32.ActiveCfg = Release|Win32
		{EC38016E-992E-42CF-9218-47773ADCE239}.Release|Win32.Build.0 = Release|Win32
		{EC38016E-992E-42CF-9218-47773ADCE239}.Release|x64.ActiveCfg = Release|x64
		{EC38016E-992E-42CF-9218-47773ADCE239}.Release|x64.Build.0 = Release|x64
		{89E55E27-D85D-44B3-AAA8-F8F7680D2CBA}.Debug|Win32.ActiveCfg = Debug|Win32
		{89E55E27-D85D-44B3-AAA8-F8F7680D2CBA}.Debug|Win32.Build.0 = Debug|Win32
		{89E55E27-D85D-44B3-AAA8-F8F7680D2CBA}.Debug|x64.ActiveCfg = Debug|x64
		{89E55E27-D85D-44B3-AAA8-F8F7680D2CBA}.Debug|x64.Build.0 = Debug|x64
		{89E55E27-D85D-44B3-AAA8-F8F7680D2CBA}.Release|Win32.ActiveCfg = Release|Win32
		{89E55E27-D85D-44B3-AAA8-F8F7680D2CBA}.Release|Win32.Build.0 = Release|Win32
		{89E55E27-D85D-44B3-AAA8-F8F7680D2CBA}.Release|x64.ActiveCfg = Release|x64
		{89E55E27-D85D-44B3-AAA8-F8F7680D2CBA}.Release|x64.Build.0 = Release|x64
		{DBA40348-EFDE-4A29-8A66-B7516A6446DD}.Debug|Win32.ActiveCfg = Debug|Win32
		{DBA40348-EFDE-4A29-8A66-B7516A6446DD}.Debug|Win32.Build.0 = Debug|Win32
		{DBA40348-EFDE-4A29-8A66-B7516A6446DD}.Debug|x64.ActiveCfg = Debug|x64
		{DBA40348-EFDE-4A29-8A66-B7516A6446DD}.Debug|x64.Build.0 = Debug|x64
		{DBA40348-EFDE-4A29-8A66-B7516A6446DD}.Release|Win32.ActiveCfg = Release|Win32
		{DBA40348-EFDE-4A29-8A66-B7516A6446DD}.Release|Win32.Build.0 = Release|Win32
		{DBA40348-EFDE-4A29-8A66-B7516A6446DD}.Release|x64.ActiveCfg = Release|x64
		{DBA40348-EFDE-4A29-8A66-B7516A6446DD}.Release|x64.Build.0 = Release|x64
		{F27A21C0-1831-4F7A-8E26-C6294226A23E}.Debug|Win32.ActiveCfg = Debug|Win32
		{F27A21C0-1831-4F7A-8E26-C6294226A23E}.Debug|Win32.Build.0 = Debug|Win32
		{F27A21C0-1831-4F7A-8E26-C6294226A23E}.Debug|x64.ActiveCfg = Debug|x64
		{F27A21C0-1831-4F7A-8E26-C6294226A23E}.Debug|x64.Build.0 = Debug|x64
		{F27A21C0-1831-4F7A-8E26-C6294226A23E}.Release|Win32.ActiveCfg = Release|Win32
		{F27A21C0-1831-4F7A-8E26-C6294226A23E}.Release|Win32.Build.0 = Release|Win32
		{F27A21C0-1831-4F7A-8E26-C6294226A23E}.Release|x64.ActiveCfg = Release|x64
		{F27A21C0-1831-4F7A-8E26-C6294226A23E}.Release|x64.Build.0 = Release|x64
		{1D6039F6-5078-416F-A3AF-A36EFC7E6A1C}.Debug|Win32.ActiveCfg = Debug|Win32
		{1D6039F6-5078-416F-A3AF-A36EFC7E6A1C}.Debug|Win32.Build.0 = Debug|Win32
		{1D6039F6-5078-416F-A3AF-A36EFC7E6A1C}.Debug|x64.ActiveCfg = Debug|x64
		{1D6039F6-5078-416F-A3AF-A36EFC7E6A1C}.Debug|x64.Build.0 = Debug|x64
		{1D6039F6-5078-416F-A3AF-A36EFC7E6A1C}.Release|Win32.ActiveCfg = Release|Win32
		{1D6039F6-5078-416F-A3AF-A36EFC7E6A1C}.Release|Win32.Build.0 = Release|Win32
		{1D6039F6-5078-416F-A3AF-A36EFC7E6A1C}.Release|x64.ActiveCfg = Release|x64
		{1D6039F6-5078-416F-A3AF-A36EFC7E6A1C}.Release|x64.Build.0 = Release|x64
		{755C7A04-BA07-4EF7-A8DE-AE768800031E}.Debug|Win32.ActiveCfg = Debug|Win32
		{755C7A04-BA07-4EF7-A8DE-AE768800031E}.Debug|Win32.Build.0 = Debug|Win32
		{755C7A04-BA07-4EF7-A8DE-AE768800031E}.Debug|x64.ActiveCfg = Debug|x64
		{755C7A04-BA07-4EF7-A8DE-AE768800031E}.Debug|x64.Build.0 = Debug|x64
		{755C7A04-BA07-4EF7-A8DE-AE768800031E}.Release|Win32.ActiveCfg = Release|Win32
		{755C7A04-BA07-4EF7-A8DE-AE768800031E}.Release|Win32.Build.0 = Release|Win32
		{755C7A04-BA07-4EF7-A8DE-AE768800031E}.Release|x64.ActiveCfg = Release|x64
		{755C7A04-BA07-4EF7-A8DE-AE768800031E}.Release|x64.Build.0 = Release|x64
		{737E1621-A1B4-4E94-A77A-B0D61FBB9ED4}.Debug|Win32.ActiveCfg = Debug|Win32
		{737E1621-A1B4-4E94-A77A-B0D61FBB9ED4}.Debug|Win32.Build.0 = Debug|Win32
		{737E1621-A1B4-4E94-A77A-B0D61FBB9ED4}.Debug|x64.ActiveCfg = Debug|Win32
		{737E1621-A1B4-4E94-A77A-B0D61FBB9ED4}.Release|Win32.ActiveCfg = Release|Win32
		{737E1621-A1B4-4E94-A77A-B0D61FBB9ED4}.Release|Win32.Build.0 = Release|Win32
		{737E1621-A1B4-4E94-A77A-B0D61FBB9ED4}.Release|x64.ActiveCfg = Release|Win32
		{1D8D6638-823E-4298-A61F-26F43A9335D2}.Debug|Win32.ActiveCfg = Debug|Win32
		{1D8D6638-823E-4298-A61F-26F43A9335D2}.Debug|Win32.Build.0 = Debug|Win32
		{1D8D6638-823E-4298-A61F-26F43A9335D2}.Debug|x64.ActiveCfg = Debug|x64
		{1D8D6638-823E-4298-A61F-26F43A9335D2}.Debug|x64.Build.0 = Debug|x64
		{1D8D6638-823E-4298-A61F-26F43A9335D2}.Release|Win32.ActiveCfg = Release|Win32
		{1D8D6638-823E-4298-A61F-26F43A9335D2}.Release|Win32.Build.0 = Release|Win32
		{1D8D6638-823E-4298-A61F-26F43A9335D2}.Release|x64.ActiveCfg = Release|x64
		{1D8D6638-823E-4298-A61F-26F43A9335D2}.Release|x64.Build.0 = Release|x64
		{3D1D78C1-2676-4D6F-90AA-C60708BC766A}.Debug|Win32.ActiveCfg = Debug|Win32
		{3D1D78C1-2676-4D6F-90AA-C60708BC766A}.Debug|Win32.Build.0 = Debug|Win32
		{3D1D78C1-2676-4D6F-90AA-C60708BC766A}.Debug|x64.ActiveCfg = Debug|x64
		{3D1D78C1-2676-4D6F-90AA-C60708BC766A}.Debug|x64.Build.0 = Debug|x64
		{3D1D78C1-2676-4D6F-90AA-C60708BC766A}.Release|Win32.ActiveCfg = Release|Win32
		{3D1D78C1-2676-4D6F-90AA-C60708BC766A}.Release|Win32.Build.0 = Release|Win32
		{3D1D78C1-2676-4D6F-90AA-C60708BC766A}.Release|x64.ActiveCfg = Release|x64
		{3D1D78C1-2676-4D6F-90AA-C60708BC766A}.Release|x64.Build.0 = Release|x64
	EndGlobalSection
	GlobalSection(SolutionProperties) = preSolution
		HideSolutionNode = FALSE
	EndGlobalSection
	GlobalSection(NestedProjects) = preSolution
		{0063FFFB-B55A-405C-8B5A-8F0D1D7E31E4} = {21951F67-9F3D-4E2D-9ADA-59A71F1111A1}
		{EC38016E-992E-42CF-9218-47773ADCE239} = {21951F67-9F3D-4E2D-9ADA-59A71F1111A1}
		{89E55E27-D85D-44B3-AAA8-F8F7680D2CBA} = {BFE84BDE-401A-4F27-89B4-E6317DB73BEF}
		{DBA40348-EFDE-4A29-8A66-B7516A6446DD} = {BFE84BDE-401A-4F27-89B4-E6317DB73BEF}
		{F27A21C0-1831-4F7A-8E26-C6294226A23E} = {6E6A8E96-15AF-493B-855E-07A1101C9FB3}
		{1D6039F6-5078-416F-A3AF-A36EFC7E6A1C} = {6E6A8E96-15AF-493B-855E-07A1101C9FB3}
		{755C7A04-BA07-4EF7-A8DE-AE768800031E} = {6E6A8E96-15AF-493B-855E-07A1101C9FB3}
		{737E1621-A1B4-4E94-A77A-B0D61FBB9ED4} = {BFE84BDE-401A-4F27-89B4-E6317DB73BEF}
		{1D8D6638-823E-4298-A61F-26F43A9335D2} = {BFE84BDE-401A-4F27-89B4-E6317DB73BEF}
		{3D1D78C1-2676-4D6F-90AA-C60708BC766A} = {BFE84BDE-401A-4F27-89B4-E6317DB73BEF}
	EndGlobalSection
	GlobalSection(ExtensibilityGlobals) = postSolution
		VisualSVNWorkingCopyRoot = .
	EndGlobalSection
EndGlobal
